<?xml version="1.0" encoding="utf-8"?>
<Project ToolsVersion="4.0" xmlns="http://schemas.microsoft.com/developer/msbuild/2003">
  <ItemGroup>
    <Filter Include="リソース ファイル">
      <UniqueIdentifier>{67DA6AB6-F800-4c08-8B7A-83BB121AAD01}</UniqueIdentifier>
      <Extensions>rc;ico;cur;bmp;dlg;rc2;rct;bin;rgs;gif;jpg;jpeg;jpe;resx;tiff;tif;png;wav;mfcribbon-ms</Extensions>
    </Filter>
    <Filter Include="01Engine">
      <UniqueIdentifier>{e5fccdcb-f299-4448-bdb6-01fa28039576}</UniqueIdentifier>
    </Filter>
    <Filter Include="01Engine\GameObject">
      <UniqueIdentifier>{b450e438-c939-4b05-b319-0e3c0b4a335c}</UniqueIdentifier>
    </Filter>
    <Filter Include="01Engine\ResourceManager">
      <UniqueIdentifier>{bedee914-5063-4c08-95bb-79c861b4969c}</UniqueIdentifier>
    </Filter>
    <Filter Include="ImGui">
      <UniqueIdentifier>{a132f358-a607-4695-90e2-f44d400397ff}</UniqueIdentifier>
    </Filter>
    <Filter Include="PlayScene">
      <UniqueIdentifier>{d8d5ad11-e720-45b0-b059-0d34a8ad85fc}</UniqueIdentifier>
    </Filter>
    <Filter Include="PlayScene\Enemy">
      <UniqueIdentifier>{a2124d14-6fba-47b4-838e-be48ada8c790}</UniqueIdentifier>
    </Filter>
  </ItemGroup>
  <ItemGroup>
    <ClCompile Include="Engine\GameObject.cpp">
      <Filter>01Engine\GameObject</Filter>
    </ClCompile>
    <ClCompile Include="Engine\RootObject.cpp">
      <Filter>01Engine\GameObject</Filter>
    </ClCompile>
    <ClCompile Include="Engine\CsvReader.cpp">
      <Filter>01Engine\ResourceManager</Filter>
    </ClCompile>
    <ClCompile Include="Engine\Main.cpp">
      <Filter>01Engine</Filter>
    </ClCompile>
    <ClCompile Include="Engine\SceneManager.cpp">
      <Filter>01Engine</Filter>
    </ClCompile>
    <ClCompile Include="Engine\Transform.cpp">
      <Filter>01Engine\GameObject</Filter>
    </ClCompile>
    <ClCompile Include="TestScene.cpp" />
    <ClCompile Include="ImGui\imgui.cpp">
      <Filter>ImGui</Filter>
    </ClCompile>
    <ClCompile Include="ImGui\imgui_draw.cpp">
      <Filter>ImGui</Filter>
    </ClCompile>
    <ClCompile Include="ImGui\imgui_impl_dx9.cpp">
      <Filter>ImGui</Filter>
    </ClCompile>
    <ClCompile Include="ImGui\imgui_impl_dx11.cpp">
      <Filter>ImGui</Filter>
    </ClCompile>
    <ClCompile Include="ImGui\imgui_impl_win32.cpp">
      <Filter>ImGui</Filter>
    </ClCompile>
    <ClCompile Include="ImGui\imgui_ja_gryph_ranges.cpp">
      <Filter>ImGui</Filter>
    </ClCompile>
    <ClCompile Include="ImGui\imgui_tables.cpp">
      <Filter>ImGui</Filter>
    </ClCompile>
    <ClCompile Include="ImGui\imgui_widgets.cpp">
      <Filter>ImGui</Filter>
    </ClCompile>
    <ClCompile Include="TitleScene.cpp" />
    <ClCompile Include="Engine\time.cpp">
      <Filter>01Engine\GameObject</Filter>
    </ClCompile>
    <ClCompile Include="Clear.cpp">
      <Filter>PlayScene</Filter>
    </ClCompile>
    <ClCompile Include="Enemy.cpp">
      <Filter>PlayScene</Filter>
    </ClCompile>
    <ClCompile Include="Field.cpp">
      <Filter>PlayScene</Filter>
    </ClCompile>
    <ClCompile Include="Goal.cpp">
      <Filter>PlayScene</Filter>
    </ClCompile>
    <ClCompile Include="Material.cpp">
      <Filter>PlayScene</Filter>
    </ClCompile>
    <ClCompile Include="Player.cpp">
      <Filter>PlayScene</Filter>
    </ClCompile>
    <ClCompile Include="BackGround.cpp">
      <Filter>PlayScene</Filter>
    </ClCompile>
    <ClCompile Include="CheckPoint.cpp">
      <Filter>PlayScene</Filter>
    </ClCompile>
    <ClCompile Include="HitObject.cpp">
      <Filter>PlayScene</Filter>
    </ClCompile>
    <ClCompile Include="MoveObject.cpp">
      <Filter>PlayScene</Filter>
    </ClCompile>
    <ClCompile Include="Object.cpp">
      <Filter>PlayScene</Filter>
    </ClCompile>
    <ClCompile Include="PlayGUI.cpp">
      <Filter>PlayScene</Filter>
    </ClCompile>
    <ClCompile Include="PlayScene.cpp">
      <Filter>PlayScene</Filter>
    </ClCompile>
    <ClCompile Include="TitleText.cpp" />
    <ClCompile Include="ClaerScene.cpp" />
    <ClCompile Include="ClearPlayer.cpp" />
    <ClCompile Include="CleraLogo.cpp" />
    <ClCompile Include="PlaySound.cpp" />
    <ClCompile Include="Tutorial.cpp" />
    <ClCompile Include="RankingsScene.cpp" />
    <ClCompile Include="RankingsSystem.cpp" />
    <ClCompile Include="GreenSlime.cpp">
      <Filter>PlayScene\Enemy</Filter>
    </ClCompile>
    <ClCompile Include="RedSlime.cpp">
      <Filter>PlayScene\Enemy</Filter>
    </ClCompile>
    <ClCompile Include="BlueSlime.cpp">
      <Filter>PlayScene\Enemy</Filter>
    </ClCompile>
    <ClCompile Include="BardA.cpp">
      <Filter>PlayScene\Enemy</Filter>
    </ClCompile>
    <ClCompile Include="Item.cpp" />
    <ClCompile Include="Crystal_Black.cpp" />
  </ItemGroup>
  <ItemGroup>
    <ClInclude Include="Engine\GameObject.h">
      <Filter>01Engine\GameObject</Filter>
    </ClInclude>
    <ClInclude Include="Engine\RootObject.h">
      <Filter>01Engine\GameObject</Filter>
    </ClInclude>
    <ClInclude Include="Engine\CsvReader.h">
      <Filter>01Engine\ResourceManager</Filter>
    </ClInclude>
    <ClInclude Include="Engine\Global.h">
      <Filter>01Engine</Filter>
    </ClInclude>
    <ClInclude Include="Engine\SceneManager.h">
      <Filter>01Engine</Filter>
    </ClInclude>
    <ClInclude Include="Engine\Transform.h">
      <Filter>01Engine\GameObject</Filter>
    </ClInclude>
    <ClInclude Include="TestScene.h" />
    <ClInclude Include="ImGui\imconfig.h">
      <Filter>ImGui</Filter>
    </ClInclude>
    <ClInclude Include="ImGui\imgui.h">
      <Filter>ImGui</Filter>
    </ClInclude>
    <ClInclude Include="ImGui\imgui_impl_dx9.h">
      <Filter>ImGui</Filter>
    </ClInclude>
    <ClInclude Include="ImGui\imgui_impl_dx11.h">
      <Filter>ImGui</Filter>
    </ClInclude>
    <ClInclude Include="ImGui\imgui_impl_dxlib.hpp">
      <Filter>ImGui</Filter>
    </ClInclude>
    <ClInclude Include="ImGui\imgui_impl_win32.h">
      <Filter>ImGui</Filter>
    </ClInclude>
    <ClInclude Include="ImGui\imgui_internal.h">
      <Filter>ImGui</Filter>
    </ClInclude>
    <ClInclude Include="ImGui\imstb_rectpack.h">
      <Filter>ImGui</Filter>
    </ClInclude>
    <ClInclude Include="ImGui\imstb_textedit.h">
      <Filter>ImGui</Filter>
    </ClInclude>
    <ClInclude Include="ImGui\imstb_truetype.h">
      <Filter>ImGui</Filter>
    </ClInclude>
    <ClInclude Include="TitleScene.h" />
    <ClInclude Include="TestObject.h" />
    <ClInclude Include="Engine\time.h">
      <Filter>01Engine\GameObject</Filter>
    </ClInclude>
    <ClInclude Include="Camera.h">
      <Filter>PlayScene</Filter>
    </ClInclude>
    <ClInclude Include="Clear.h">
      <Filter>PlayScene</Filter>
    </ClInclude>
    <ClInclude Include="Enemy.h">
      <Filter>PlayScene</Filter>
    </ClInclude>
    <ClInclude Include="Field.h">
      <Filter>PlayScene</Filter>
    </ClInclude>
    <ClInclude Include="Goal.h">
      <Filter>PlayScene</Filter>
    </ClInclude>
    <ClInclude Include="Material.h">
      <Filter>PlayScene</Filter>
    </ClInclude>
    <ClInclude Include="Player.h">
      <Filter>PlayScene</Filter>
    </ClInclude>
    <ClInclude Include="PlayScene.h">
      <Filter>PlayScene</Filter>
    </ClInclude>
    <ClInclude Include="BackGround.h">
      <Filter>PlayScene</Filter>
    </ClInclude>
    <ClInclude Include="CheckPoint.h">
      <Filter>PlayScene</Filter>
    </ClInclude>
    <ClInclude Include="HitObject.h">
      <Filter>PlayScene</Filter>
    </ClInclude>
    <ClInclude Include="MoveObject.h">
      <Filter>PlayScene</Filter>
    </ClInclude>
    <ClInclude Include="Object.h">
      <Filter>PlayScene</Filter>
    </ClInclude>
    <ClInclude Include="PlayGUI.h">
      <Filter>PlayScene</Filter>
    </ClInclude>
    <ClInclude Include="TitleText.h" />
    <ClInclude Include="ClaerScene.h" />
    <ClInclude Include="ClearPlayer.h" />
    <ClInclude Include="CleraLogo.h" />
    <ClInclude Include="PlaySound.h" />
    <ClInclude Include="resource.h" />
    <ClInclude Include="Tutorial.h" />
    <ClInclude Include="RankingsScene.h" />
    <ClInclude Include="RankingsSystem.h" />
    <ClInclude Include="GreenSlime.h">
      <Filter>PlayScene\Enemy</Filter>
    </ClInclude>
    <ClInclude Include="RedSlime.h">
      <Filter>PlayScene\Enemy</Filter>
    </ClInclude>
    <ClInclude Include="BlueSlime.h">
      <Filter>PlayScene\Enemy</Filter>
    </ClInclude>
    <ClInclude Include="BardA.h">
      <Filter>PlayScene\Enemy</Filter>
    </ClInclude>
    <ClInclude Include="Item.h" />
    <ClInclude Include="Crystal_Black.h" />
  </ItemGroup>
  <ItemGroup>
    <ResourceCompile Include="ActionGame.rc">
      <Filter>リソース ファイル</Filter>
    </ResourceCompile>
  </ItemGroup>
</Project>